{
  "version": 4,
  "terraform_version": "1.7.3",
  "serial": 62,
  "lineage": "53b764fe-8036-a484-25b7-fabb5ae33f84",
  "outputs": {},
  "resources": [
    {
      "mode": "managed",
      "type": "azurerm_container_registry",
      "name": "acr",
      "provider": "provider[\"registry.terraform.io/hashicorp/azurerm\"]",
      "instances": [
        {
          "schema_version": 2,
          "attributes": {
            "admin_enabled": false,
            "admin_password": "",
            "admin_username": "",
            "anonymous_pull_enabled": false,
            "data_endpoint_enabled": false,
            "encryption": [
              {
                "enabled": false,
                "identity_client_id": "",
                "key_vault_key_id": ""
              }
            ],
            "export_policy_enabled": true,
            "georeplications": [],
            "id": "/subscriptions/29ce79cf-9e6f-474b-89a1-3ac8b2b5f245/resourceGroups/terra-demo-rg/providers/Microsoft.ContainerRegistry/registries/vickyregistry",
            "identity": [],
            "location": "eastus",
            "login_server": "vickyregistry.azurecr.io",
            "name": "vickyregistry",
            "network_rule_bypass_option": "AzureServices",
            "network_rule_set": [],
            "public_network_access_enabled": true,
            "quarantine_policy_enabled": false,
            "resource_group_name": "terra-demo-rg",
            "retention_policy": [
              {
                "days": 7,
                "enabled": false
              }
            ],
            "sku": "Standard",
            "tags": {},
            "timeouts": null,
            "trust_policy": [
              {
                "enabled": false
              }
            ],
            "zone_redundancy_enabled": false
          },
          "sensitive_attributes": [],
          "private": "eyJlMmJmYjczMC1lY2FhLTExZTYtOGY4OC0zNDM2M2JjN2M0YzAiOnsiY3JlYXRlIjoxODAwMDAwMDAwMDAwLCJkZWxldGUiOjE4MDAwMDAwMDAwMDAsInJlYWQiOjMwMDAwMDAwMDAwMCwidXBkYXRlIjoxODAwMDAwMDAwMDAwfSwic2NoZW1hX3ZlcnNpb24iOiIyIn0=",
          "dependencies": [
            "azurerm_resource_group.terra-demo"
          ]
        }
      ]
    },
    {
      "mode": "managed",
      "type": "azurerm_container_registry_webhook",
      "name": "webhook",
      "provider": "provider[\"registry.terraform.io/hashicorp/azurerm\"]",
      "instances": [
        {
          "schema_version": 0,
          "attributes": {
            "actions": [
              "push"
            ],
            "custom_headers": {
              "Content-Type": "application/json"
            },
            "id": "/subscriptions/29ce79cf-9e6f-474b-89a1-3ac8b2b5f245/resourceGroups/terra-demo-rg/providers/Microsoft.ContainerRegistry/registries/vickyregistry/webhooks/vickywebhook",
            "location": "eastus",
            "name": "vickywebhook",
            "registry_name": "vickyregistry",
            "resource_group_name": "terra-demo-rg",
            "scope": "mytag:*",
            "service_uri": "https://vickywebhook.terra-demo/mytag",
            "status": "enabled",
            "tags": {},
            "timeouts": null
          },
          "sensitive_attributes": [],
          "private": "eyJlMmJmYjczMC1lY2FhLTExZTYtOGY4OC0zNDM2M2JjN2M0YzAiOnsiY3JlYXRlIjoxODAwMDAwMDAwMDAwLCJkZWxldGUiOjE4MDAwMDAwMDAwMDAsInJlYWQiOjMwMDAwMDAwMDAwMCwidXBkYXRlIjoxODAwMDAwMDAwMDAwfX0=",
          "dependencies": [
            "azurerm_container_registry.acr",
            "azurerm_resource_group.terra-demo"
          ]
        }
      ]
    },
    {
      "mode": "managed",
      "type": "azurerm_data_factory",
      "name": "terra-demo",
      "provider": "provider[\"registry.terraform.io/hashicorp/azurerm\"]",
      "instances": [
        {
          "schema_version": 2,
          "attributes": {
            "customer_managed_key_id": "",
            "customer_managed_key_identity_id": "",
            "github_configuration": [],
            "global_parameter": [],
            "id": "/subscriptions/29ce79cf-9e6f-474b-89a1-3ac8b2b5f245/resourceGroups/terra-demo-rg/providers/Microsoft.DataFactory/factories/terra-dfac",
            "identity": [],
            "location": "eastus",
            "managed_virtual_network_enabled": false,
            "name": "terra-dfac",
            "public_network_enabled": true,
            "resource_group_name": "terra-demo-rg",
            "tags": {},
            "timeouts": null,
            "vsts_configuration": []
          },
          "sensitive_attributes": [],
          "private": "eyJlMmJmYjczMC1lY2FhLTExZTYtOGY4OC0zNDM2M2JjN2M0YzAiOnsiY3JlYXRlIjoxODAwMDAwMDAwMDAwLCJkZWxldGUiOjE4MDAwMDAwMDAwMDAsInJlYWQiOjMwMDAwMDAwMDAwMCwidXBkYXRlIjoxODAwMDAwMDAwMDAwfSwic2NoZW1hX3ZlcnNpb24iOiIyIn0=",
          "dependencies": [
            "azurerm_resource_group.terra-demo"
          ]
        }
      ]
    },
    {
      "mode": "managed",
      "type": "azurerm_data_factory_pipeline",
      "name": "terra-demo",
      "provider": "provider[\"registry.terraform.io/hashicorp/azurerm\"]",
      "instances": [
        {
          "schema_version": 0,
          "attributes": {
            "activities_json": null,
            "annotations": [],
            "concurrency": 0,
            "data_factory_id": "/subscriptions/29ce79cf-9e6f-474b-89a1-3ac8b2b5f245/resourceGroups/terra-demo-rg/providers/Microsoft.DataFactory/factories/terra-dfac",
            "description": "",
            "folder": null,
            "id": "/subscriptions/29ce79cf-9e6f-474b-89a1-3ac8b2b5f245/resourceGroups/terra-demo-rg/providers/Microsoft.DataFactory/factories/terra-dfac/pipelines/terra-demod",
            "moniter_metrics_after_duration": "",
            "name": "terra-demod",
            "parameters": {},
            "timeouts": null,
            "variables": {}
          },
          "sensitive_attributes": [],
          "private": "eyJlMmJmYjczMC1lY2FhLTExZTYtOGY4OC0zNDM2M2JjN2M0YzAiOnsiY3JlYXRlIjoxODAwMDAwMDAwMDAwLCJkZWxldGUiOjE4MDAwMDAwMDAwMDAsInJlYWQiOjMwMDAwMDAwMDAwMCwidXBkYXRlIjoxODAwMDAwMDAwMDAwfX0=",
          "dependencies": [
            "azurerm_data_factory.terra-demo",
            "azurerm_resource_group.terra-demo"
          ]
        }
      ]
    },
    {
      "mode": "managed",
      "type": "azurerm_linux_virtual_machine",
      "name": "terra-demo",
      "provider": "provider[\"registry.terraform.io/hashicorp/azurerm\"]",
      "instances": [
        {
          "schema_version": 0,
          "attributes": {
            "additional_capabilities": [],
            "admin_password": null,
            "admin_ssh_key": [
              {
                "public_key": "ssh-rsa AAAAB3NzaC1yc2EAAAADAQABAAABgQCVjmO2F0ytO+Z4ZlTOwIDizPy2te+Pbe+X7LKYmSLWEtHP+2YahPnVFR9e3AkWcZSzXwb7fbvrzw93WCRiqSb06LAm70RHWBfWYApGFQBLavZI08XQLHPSOPZ6cOzoIvn9XWvTntjKtAphmeVGGiIcfyOtuGq/aX8BdXEFDXEbj6n+vFOp876Kf/Bh7hDVMSFjXHSnNrBkT+Fz3gqyB/TKz2jhvDmHCotK1KoKujzyLp3xte0tltBielOcezQfUm1wRV6xHBPXgn0eYM1ODDUFLfv0qJRgTK9/ANQBIYoLCr45S3XLoLo/gVVcCnWjak8oOnupQ3Z6yUXMkLedoUk8yWX3klaMMW2cZFxvMuIctln07f1lo2b5QVzzNTC2bq+4LEHryEm8ie3bnRVjhtIO/EIkuuaYJerDAhyA8mUTx1hHA2ctW99x4af84sjXINGhBrZJ/I4SfLxmy/cw4Ku3oYlXa+8f5McaqGVWFjP0B8BZCYzrG96oY8usvva/8M8= apple@Vickys-MacBook-Pro.local\n",
                "username": "trainer"
              }
            ],
            "admin_username": "trainer",
            "allow_extension_operations": true,
            "availability_set_id": "",
            "boot_diagnostics": [],
            "computer_name": "terra-demo-machine01",
            "custom_data": null,
            "dedicated_host_group_id": "",
            "dedicated_host_id": "",
            "disable_password_authentication": true,
            "edge_zone": "",
            "encryption_at_host_enabled": false,
            "eviction_policy": "",
            "extensions_time_budget": "PT1H30M",
            "id": "/subscriptions/29ce79cf-9e6f-474b-89a1-3ac8b2b5f245/resourceGroups/terra-demo-rg/providers/Microsoft.Compute/virtualMachines/terra-demo-machine01",
            "identity": [],
            "license_type": "",
            "location": "eastus",
            "max_bid_price": -1,
            "name": "terra-demo-machine01",
            "network_interface_ids": [
              "/subscriptions/29ce79cf-9e6f-474b-89a1-3ac8b2b5f245/resourceGroups/terra-demo-rg/providers/Microsoft.Network/networkInterfaces/terra-demo-nic"
            ],
            "os_disk": [
              {
                "caching": "ReadWrite",
                "diff_disk_settings": [],
                "disk_encryption_set_id": "",
                "disk_size_gb": 30,
                "name": "terra-demo-machine01_OsDisk_1_b985e0848938475eb43cf565b779d6fc",
                "storage_account_type": "Standard_LRS",
                "write_accelerator_enabled": false
              }
            ],
            "patch_mode": "ImageDefault",
            "plan": [],
            "platform_fault_domain": -1,
            "priority": "Regular",
            "private_ip_address": "10.0.0.4",
            "private_ip_addresses": [
              "10.0.0.4"
            ],
            "provision_vm_agent": true,
            "proximity_placement_group_id": "",
            "public_ip_address": "13.82.26.222",
            "public_ip_addresses": [
              "13.82.26.222"
            ],
            "resource_group_name": "terra-demo-rg",
            "secret": [],
            "secure_boot_enabled": false,
            "size": "Standard_D2_v2",
            "source_image_id": "",
            "source_image_reference": [
              {
                "offer": "0001-com-ubuntu-server-jammy",
                "publisher": "Canonical",
                "sku": "22_04-lts",
                "version": "latest"
              }
            ],
            "tags": {},
            "termination_notification": [],
            "timeouts": null,
            "user_data": "",
            "virtual_machine_id": "28df8e02-1d2f-4e1d-951b-0ccf6dcc0988",
            "virtual_machine_scale_set_id": "",
            "vtpm_enabled": false,
            "zone": ""
          },
          "sensitive_attributes": [],
          "private": "eyJlMmJmYjczMC1lY2FhLTExZTYtOGY4OC0zNDM2M2JjN2M0YzAiOnsiY3JlYXRlIjoyNzAwMDAwMDAwMDAwLCJkZWxldGUiOjI3MDAwMDAwMDAwMDAsInJlYWQiOjMwMDAwMDAwMDAwMCwidXBkYXRlIjoyNzAwMDAwMDAwMDAwfX0=",
          "dependencies": [
            "azurerm_network_interface.terra-demo",
            "azurerm_public_ip.terra-demo",
            "azurerm_resource_group.terra-demo",
            "azurerm_subnet.terra-demo",
            "azurerm_virtual_network.terra-demo"
          ]
        }
      ]
    },
    {
      "mode": "managed",
      "type": "azurerm_monitor_action_group",
      "name": "main",
      "provider": "provider[\"registry.terraform.io/hashicorp/azurerm\"]",
      "instances": [
        {
          "schema_version": 1,
          "attributes": {
            "arm_role_receiver": [],
            "automation_runbook_receiver": [],
            "azure_app_push_receiver": [],
            "azure_function_receiver": [],
            "email_receiver": [],
            "enabled": true,
            "event_hub_receiver": [],
            "id": "/subscriptions/29ce79cf-9e6f-474b-89a1-3ac8b2b5f245/resourceGroups/terra-demo-rg/providers/Microsoft.Insights/actionGroups/terra-demo-actiongroup",
            "itsm_receiver": [],
            "logic_app_receiver": [],
            "name": "terra-demo-actiongroup",
            "resource_group_name": "terra-demo-rg",
            "short_name": "terrademoact",
            "sms_receiver": [],
            "tags": null,
            "timeouts": null,
            "voice_receiver": [],
            "webhook_receiver": []
          },
          "sensitive_attributes": [],
          "private": "eyJlMmJmYjczMC1lY2FhLTExZTYtOGY4OC0zNDM2M2JjN2M0YzAiOnsiY3JlYXRlIjoxODAwMDAwMDAwMDAwLCJkZWxldGUiOjE4MDAwMDAwMDAwMDAsInJlYWQiOjMwMDAwMDAwMDAwMCwidXBkYXRlIjoxODAwMDAwMDAwMDAwfSwic2NoZW1hX3ZlcnNpb24iOiIxIn0=",
          "dependencies": [
            "azurerm_resource_group.terra-demo"
          ]
        }
      ]
    },
    {
      "mode": "managed",
      "type": "azurerm_monitor_metric_alert",
      "name": "terra-demo",
      "provider": "provider[\"registry.terraform.io/hashicorp/azurerm\"]",
      "instances": [
        {
          "schema_version": 1,
          "attributes": {
            "action": [
              {
                "action_group_id": "/subscriptions/29ce79cf-9e6f-474b-89a1-3ac8b2b5f245/resourceGroups/terra-demo-rg/providers/Microsoft.Insights/actionGroups/terra-demo-actiongroup",
                "webhook_properties": null
              }
            ],
            "application_insights_web_test_location_availability_criteria": [],
            "auto_mitigate": true,
            "criteria": [
              {
                "aggregation": "Total",
                "dimension": [
                  {
                    "name": "ApiName",
                    "operator": "Include",
                    "values": [
                      "*"
                    ]
                  }
                ],
                "metric_name": "Transactions",
                "metric_namespace": "Microsoft.Storage/storageAccounts",
                "operator": "GreaterThan",
                "skip_metric_validation": false,
                "threshold": 50
              }
            ],
            "description": "Action will be triggered when Transactions count is greater than 50.",
            "dynamic_criteria": [],
            "enabled": true,
            "frequency": "PT1M",
            "id": "/subscriptions/29ce79cf-9e6f-474b-89a1-3ac8b2b5f245/resourceGroups/terra-demo-rg/providers/Microsoft.Insights/metricAlerts/terra-demo-metricalert",
            "name": "terra-demo-metricalert",
            "resource_group_name": "terra-demo-rg",
            "scopes": [
              "/subscriptions/29ce79cf-9e6f-474b-89a1-3ac8b2b5f245/resourceGroups/terra-demo-rg/providers/Microsoft.Storage/storageAccounts/demovicky"
            ],
            "severity": 3,
            "tags": null,
            "target_resource_location": "",
            "target_resource_type": "",
            "timeouts": null,
            "window_size": "PT5M"
          },
          "sensitive_attributes": [],
          "private": "eyJlMmJmYjczMC1lY2FhLTExZTYtOGY4OC0zNDM2M2JjN2M0YzAiOnsiY3JlYXRlIjoxODAwMDAwMDAwMDAwLCJkZWxldGUiOjE4MDAwMDAwMDAwMDAsInJlYWQiOjMwMDAwMDAwMDAwMCwidXBkYXRlIjoxODAwMDAwMDAwMDAwfSwic2NoZW1hX3ZlcnNpb24iOiIxIn0=",
          "dependencies": [
            "azurerm_monitor_action_group.main",
            "azurerm_resource_group.terra-demo",
            "azurerm_storage_account.to_monitor"
          ]
        }
      ]
    },
    {
      "mode": "managed",
      "type": "azurerm_network_interface",
      "name": "terra-demo",
      "provider": "provider[\"registry.terraform.io/hashicorp/azurerm\"]",
      "instances": [
        {
          "schema_version": 0,
          "attributes": {
            "applied_dns_servers": [],
            "dns_servers": [],
            "edge_zone": "",
            "enable_accelerated_networking": false,
            "enable_ip_forwarding": false,
            "id": "/subscriptions/29ce79cf-9e6f-474b-89a1-3ac8b2b5f245/resourceGroups/terra-demo-rg/providers/Microsoft.Network/networkInterfaces/terra-demo-nic",
            "internal_dns_name_label": "",
            "internal_domain_name_suffix": "",
            "ip_configuration": [
              {
                "gateway_load_balancer_frontend_ip_configuration_id": "",
                "name": "internal",
                "primary": true,
                "private_ip_address": "10.0.0.4",
                "private_ip_address_allocation": "Dynamic",
                "private_ip_address_version": "IPv4",
                "public_ip_address_id": "/subscriptions/29ce79cf-9e6f-474b-89a1-3ac8b2b5f245/resourceGroups/terra-demo-rg/providers/Microsoft.Network/publicIPAddresses/terra-demo-machine01-pip",
                "subnet_id": "/subscriptions/29ce79cf-9e6f-474b-89a1-3ac8b2b5f245/resourceGroups/terra-demo-rg/providers/Microsoft.Network/virtualNetworks/terra-demo-vnet/subnets/SubnetA"
              }
            ],
            "location": "eastus",
            "mac_address": "00-0D-3A-18-34-80",
            "name": "terra-demo-nic",
            "private_ip_address": "10.0.0.4",
            "private_ip_addresses": [
              "10.0.0.4"
            ],
            "resource_group_name": "terra-demo-rg",
            "tags": {},
            "timeouts": null,
            "virtual_machine_id": "/subscriptions/29ce79cf-9e6f-474b-89a1-3ac8b2b5f245/resourceGroups/terra-demo-rg/providers/Microsoft.Compute/virtualMachines/terra-demo-machine01"
          },
          "sensitive_attributes": [],
          "private": "eyJlMmJmYjczMC1lY2FhLTExZTYtOGY4OC0zNDM2M2JjN2M0YzAiOnsiY3JlYXRlIjoxODAwMDAwMDAwMDAwLCJkZWxldGUiOjE4MDAwMDAwMDAwMDAsInJlYWQiOjMwMDAwMDAwMDAwMCwidXBkYXRlIjoxODAwMDAwMDAwMDAwfX0=",
          "dependencies": [
            "azurerm_public_ip.terra-demo",
            "azurerm_resource_group.terra-demo",
            "azurerm_subnet.terra-demo",
            "azurerm_virtual_network.terra-demo"
          ]
        }
      ]
    },
    {
      "mode": "managed",
      "type": "azurerm_network_security_group",
      "name": "terra-demo",
      "provider": "provider[\"registry.terraform.io/hashicorp/azurerm\"]",
      "instances": [
        {
          "schema_version": 0,
          "attributes": {
            "id": "/subscriptions/29ce79cf-9e6f-474b-89a1-3ac8b2b5f245/resourceGroups/terra-demo-rg/providers/Microsoft.Network/networkSecurityGroups/terra-demo-secu",
            "location": "eastus",
            "name": "terra-demo-secu",
            "resource_group_name": "terra-demo-rg",
            "security_rule": [
              {
                "access": "Allow",
                "description": "",
                "destination_address_prefix": "*",
                "destination_address_prefixes": [],
                "destination_application_security_group_ids": [],
                "destination_port_range": "80",
                "destination_port_ranges": [],
                "direction": "Inbound",
                "name": "Allow_HTTP",
                "priority": 100,
                "protocol": "Tcp",
                "source_address_prefix": "*",
                "source_address_prefixes": [],
                "source_application_security_group_ids": [],
                "source_port_range": "*",
                "source_port_ranges": []
              }
            ],
            "tags": {},
            "timeouts": null
          },
          "sensitive_attributes": [],
          "private": "eyJlMmJmYjczMC1lY2FhLTExZTYtOGY4OC0zNDM2M2JjN2M0YzAiOnsiY3JlYXRlIjoxODAwMDAwMDAwMDAwLCJkZWxldGUiOjE4MDAwMDAwMDAwMDAsInJlYWQiOjMwMDAwMDAwMDAwMCwidXBkYXRlIjoxODAwMDAwMDAwMDAwfX0=",
          "dependencies": [
            "azurerm_resource_group.terra-demo"
          ]
        }
      ]
    },
    {
      "mode": "managed",
      "type": "azurerm_public_ip",
      "name": "terra-demo",
      "provider": "provider[\"registry.terraform.io/hashicorp/azurerm\"]",
      "instances": [
        {
          "schema_version": 0,
          "attributes": {
            "allocation_method": "Static",
            "domain_name_label": null,
            "edge_zone": "",
            "fqdn": null,
            "id": "/subscriptions/29ce79cf-9e6f-474b-89a1-3ac8b2b5f245/resourceGroups/terra-demo-rg/providers/Microsoft.Network/publicIPAddresses/terra-demo-machine01-pip",
            "idle_timeout_in_minutes": 4,
            "ip_address": "13.82.26.222",
            "ip_tags": {},
            "ip_version": "IPv4",
            "location": "eastus",
            "name": "terra-demo-machine01-pip",
            "public_ip_prefix_id": null,
            "resource_group_name": "terra-demo-rg",
            "reverse_fqdn": null,
            "sku": "Basic",
            "sku_tier": "Regional",
            "tags": {},
            "timeouts": null,
            "zones": []
          },
          "sensitive_attributes": [],
          "private": "eyJlMmJmYjczMC1lY2FhLTExZTYtOGY4OC0zNDM2M2JjN2M0YzAiOnsiY3JlYXRlIjoxODAwMDAwMDAwMDAwLCJkZWxldGUiOjE4MDAwMDAwMDAwMDAsInJlYWQiOjMwMDAwMDAwMDAwMCwidXBkYXRlIjoxODAwMDAwMDAwMDAwfX0=",
          "dependencies": [
            "azurerm_resource_group.terra-demo"
          ]
        }
      ]
    },
    {
      "mode": "managed",
      "type": "azurerm_resource_group",
      "name": "terra-demo",
      "provider": "provider[\"registry.terraform.io/hashicorp/azurerm\"]",
      "instances": [
        {
          "schema_version": 0,
          "attributes": {
            "id": "/subscriptions/29ce79cf-9e6f-474b-89a1-3ac8b2b5f245/resourceGroups/terra-demo-rg",
            "location": "eastus",
            "name": "terra-demo-rg",
            "tags": {},
            "timeouts": null
          },
          "sensitive_attributes": [],
          "private": "eyJlMmJmYjczMC1lY2FhLTExZTYtOGY4OC0zNDM2M2JjN2M0YzAiOnsiY3JlYXRlIjo1NDAwMDAwMDAwMDAwLCJkZWxldGUiOjU0MDAwMDAwMDAwMDAsInJlYWQiOjMwMDAwMDAwMDAwMCwidXBkYXRlIjo1NDAwMDAwMDAwMDAwfX0="
        }
      ]
    },
    {
      "mode": "managed",
      "type": "azurerm_storage_account",
      "name": "to_monitor",
      "provider": "provider[\"registry.terraform.io/hashicorp/azurerm\"]",
      "instances": [
        {
          "schema_version": 3,
          "attributes": {
            "access_tier": "Hot",
            "account_kind": "StorageV2",
            "account_replication_type": "LRS",
            "account_tier": "Standard",
            "allow_nested_items_to_be_public": true,
            "azure_files_authentication": [],
            "blob_properties": [
              {
                "change_feed_enabled": false,
                "container_delete_retention_policy": [],
                "cors_rule": [],
                "default_service_version": "",
                "delete_retention_policy": [],
                "last_access_time_enabled": false,
                "versioning_enabled": false
              }
            ],
            "custom_domain": [],
            "customer_managed_key": [],
            "edge_zone": "",
            "enable_https_traffic_only": true,
            "id": "/subscriptions/29ce79cf-9e6f-474b-89a1-3ac8b2b5f245/resourceGroups/terra-demo-rg/providers/Microsoft.Storage/storageAccounts/demovicky",
            "identity": [],
            "infrastructure_encryption_enabled": false,
            "is_hns_enabled": false,
            "large_file_share_enabled": null,
            "location": "eastus",
            "min_tls_version": "TLS1_2",
            "name": "demovicky",
            "network_rules": [
              {
                "bypass": [
                  "AzureServices"
                ],
                "default_action": "Allow",
                "ip_rules": [],
                "private_link_access": [],
                "virtual_network_subnet_ids": []
              }
            ],
            "nfsv3_enabled": false,
            "primary_access_key": "aQB159r3/51jcPhcRxtQKtJd67bYmFMZrhJtP6pIh0UWJRPGEUkxk0xgf4PphpD6g8DLHQh1Ob/U+AStJIJqeg==",
            "primary_blob_connection_string": "DefaultEndpointsProtocol=https;BlobEndpoint=https://demovicky.blob.core.windows.net/;AccountName=demovicky;AccountKey=aQB159r3/51jcPhcRxtQKtJd67bYmFMZrhJtP6pIh0UWJRPGEUkxk0xgf4PphpD6g8DLHQh1Ob/U+AStJIJqeg==",
            "primary_blob_endpoint": "https://demovicky.blob.core.windows.net/",
            "primary_blob_host": "demovicky.blob.core.windows.net",
            "primary_connection_string": "DefaultEndpointsProtocol=https;AccountName=demovicky;AccountKey=aQB159r3/51jcPhcRxtQKtJd67bYmFMZrhJtP6pIh0UWJRPGEUkxk0xgf4PphpD6g8DLHQh1Ob/U+AStJIJqeg==;EndpointSuffix=core.windows.net",
            "primary_dfs_endpoint": "https://demovicky.dfs.core.windows.net/",
            "primary_dfs_host": "demovicky.dfs.core.windows.net",
            "primary_file_endpoint": "https://demovicky.file.core.windows.net/",
            "primary_file_host": "demovicky.file.core.windows.net",
            "primary_location": "eastus",
            "primary_queue_endpoint": "https://demovicky.queue.core.windows.net/",
            "primary_queue_host": "demovicky.queue.core.windows.net",
            "primary_table_endpoint": "https://demovicky.table.core.windows.net/",
            "primary_table_host": "demovicky.table.core.windows.net",
            "primary_web_endpoint": "https://demovicky.z13.web.core.windows.net/",
            "primary_web_host": "demovicky.z13.web.core.windows.net",
            "queue_encryption_key_type": "Service",
            "queue_properties": [
              {
                "cors_rule": [],
                "hour_metrics": [
                  {
                    "enabled": true,
                    "include_apis": true,
                    "retention_policy_days": 7,
                    "version": "1.0"
                  }
                ],
                "logging": [
                  {
                    "delete": false,
                    "read": false,
                    "retention_policy_days": 0,
                    "version": "1.0",
                    "write": false
                  }
                ],
                "minute_metrics": [
                  {
                    "enabled": false,
                    "include_apis": false,
                    "retention_policy_days": 0,
                    "version": "1.0"
                  }
                ]
              }
            ],
            "resource_group_name": "terra-demo-rg",
            "routing": [],
            "secondary_access_key": "RoTjOyhenR7mniVrB0pt+5l9aRpru3q+U7+hDS8eFwgcptN8Cg+WpIemAo/KTcvSp1YMxOuB8J4l+AStz3tGWA==",
            "secondary_blob_connection_string": "",
            "secondary_blob_endpoint": null,
            "secondary_blob_host": null,
            "secondary_connection_string": "DefaultEndpointsProtocol=https;AccountName=demovicky;AccountKey=RoTjOyhenR7mniVrB0pt+5l9aRpru3q+U7+hDS8eFwgcptN8Cg+WpIemAo/KTcvSp1YMxOuB8J4l+AStz3tGWA==;EndpointSuffix=core.windows.net",
            "secondary_dfs_endpoint": null,
            "secondary_dfs_host": null,
            "secondary_file_endpoint": null,
            "secondary_file_host": null,
            "secondary_location": "",
            "secondary_queue_endpoint": null,
            "secondary_queue_host": null,
            "secondary_table_endpoint": null,
            "secondary_table_host": null,
            "secondary_web_endpoint": null,
            "secondary_web_host": null,
            "share_properties": [
              {
                "cors_rule": [],
                "retention_policy": [
                  {
                    "days": 7
                  }
                ],
                "smb": []
              }
            ],
            "shared_access_key_enabled": true,
            "static_website": [],
            "table_encryption_key_type": "Service",
            "tags": {},
            "timeouts": null
          },
          "sensitive_attributes": [],
          "private": "eyJlMmJmYjczMC1lY2FhLTExZTYtOGY4OC0zNDM2M2JjN2M0YzAiOnsiY3JlYXRlIjozNjAwMDAwMDAwMDAwLCJkZWxldGUiOjM2MDAwMDAwMDAwMDAsInJlYWQiOjMwMDAwMDAwMDAwMCwidXBkYXRlIjozNjAwMDAwMDAwMDAwfSwic2NoZW1hX3ZlcnNpb24iOiIzIn0=",
          "dependencies": [
            "azurerm_resource_group.terra-demo"
          ]
        }
      ]
    },
    {
      "mode": "managed",
      "type": "azurerm_subnet",
      "name": "terra-demo",
      "provider": "provider[\"registry.terraform.io/hashicorp/azurerm\"]",
      "instances": [
        {
          "schema_version": 0,
          "attributes": {
            "address_prefixes": [
              "10.0.0.0/24"
            ],
            "delegation": [],
            "enforce_private_link_endpoint_network_policies": false,
            "enforce_private_link_service_network_policies": false,
            "id": "/subscriptions/29ce79cf-9e6f-474b-89a1-3ac8b2b5f245/resourceGroups/terra-demo-rg/providers/Microsoft.Network/virtualNetworks/terra-demo-vnet/subnets/SubnetA",
            "name": "SubnetA",
            "resource_group_name": "terra-demo-rg",
            "service_endpoint_policy_ids": [],
            "service_endpoints": [],
            "timeouts": null,
            "virtual_network_name": "terra-demo-vnet"
          },
          "sensitive_attributes": [],
          "private": "eyJlMmJmYjczMC1lY2FhLTExZTYtOGY4OC0zNDM2M2JjN2M0YzAiOnsiY3JlYXRlIjoxODAwMDAwMDAwMDAwLCJkZWxldGUiOjE4MDAwMDAwMDAwMDAsInJlYWQiOjMwMDAwMDAwMDAwMCwidXBkYXRlIjoxODAwMDAwMDAwMDAwfX0=",
          "dependencies": [
            "azurerm_resource_group.terra-demo",
            "azurerm_virtual_network.terra-demo"
          ]
        }
      ]
    },
    {
      "mode": "managed",
      "type": "azurerm_virtual_network",
      "name": "terra-demo",
      "provider": "provider[\"registry.terraform.io/hashicorp/azurerm\"]",
      "instances": [
        {
          "schema_version": 0,
          "attributes": {
            "address_space": [
              "10.0.0.0/16"
            ],
            "bgp_community": "",
            "ddos_protection_plan": [],
            "dns_servers": [],
            "edge_zone": "",
            "flow_timeout_in_minutes": 0,
            "guid": "fe56c1e5-97c2-46c4-a7e7-2d764d7f306b",
            "id": "/subscriptions/29ce79cf-9e6f-474b-89a1-3ac8b2b5f245/resourceGroups/terra-demo-rg/providers/Microsoft.Network/virtualNetworks/terra-demo-vnet",
            "location": "eastus",
            "name": "terra-demo-vnet",
            "resource_group_name": "terra-demo-rg",
            "subnet": [
              {
                "address_prefix": "10.0.0.0/24",
                "id": "/subscriptions/29ce79cf-9e6f-474b-89a1-3ac8b2b5f245/resourceGroups/terra-demo-rg/providers/Microsoft.Network/virtualNetworks/terra-demo-vnet/subnets/SubnetA",
                "name": "SubnetA",
                "security_group": ""
              }
            ],
            "tags": {},
            "timeouts": null
          },
          "sensitive_attributes": [],
          "private": "eyJlMmJmYjczMC1lY2FhLTExZTYtOGY4OC0zNDM2M2JjN2M0YzAiOnsiY3JlYXRlIjoxODAwMDAwMDAwMDAwLCJkZWxldGUiOjE4MDAwMDAwMDAwMDAsInJlYWQiOjMwMDAwMDAwMDAwMCwidXBkYXRlIjoxODAwMDAwMDAwMDAwfX0=",
          "dependencies": [
            "azurerm_resource_group.terra-demo"
          ]
        }
      ]
    }
  ],
  "check_results": null
}
